
Microsoft Visual Studio Solution File, Format Version 12.00
# Visual Studio Version 17
VisualStudioVersion = 17.5.33502.453
MinimumVisualStudioVersion = 10.0.40219.1
Project("{FAE04EC0-301F-11D3-BF4B-00C04F79EFBC}") = "View", "MVVM_WPF_Training\View.csproj", "{932D5D75-58D0-45C8-906F-4C4DB4C83072}"
EndProject
Project("{FAE04EC0-301F-11D3-BF4B-00C04F79EFBC}") = "DataModel", "DataModel\DataModel.csproj", "{3670B30D-64B9-40AD-A0A3-3E5E63518AD4}"
EndProject
Project("{FAE04EC0-301F-11D3-BF4B-00C04F79EFBC}") = "BusinessModel", "BusinessModel\BusinessModel.csproj", "{C4338DB8-D65F-40F8-B0BE-AF720850054F}"
EndProject
Project("{FAE04EC0-301F-11D3-BF4B-00C04F79EFBC}") = "Commands", "Commands\Commands.csproj", "{6E019C37-8143-42E0-9DF2-CD5763C2E37F}"
EndProject
Global
	GlobalSection(SolutionConfigurationPlatforms) = preSolution
		Debug|Any CPU = Debug|Any CPU
		Release|Any CPU = Release|Any CPU
	EndGlobalSection
	GlobalSection(ProjectConfigurationPlatforms) = postSolution
		{932D5D75-58D0-45C8-906F-4C4DB4C83072}.Debug|Any CPU.ActiveCfg = Debug|Any CPU
		{932D5D75-58D0-45C8-906F-4C4DB4C83072}.Debug|Any CPU.Build.0 = Debug|Any CPU
		{932D5D75-58D0-45C8-906F-4C4DB4C83072}.Release|Any CPU.ActiveCfg = Release|Any CPU
		{932D5D75-58D0-45C8-906F-4C4DB4C83072}.Release|Any CPU.Build.0 = Release|Any CPU
		{3670B30D-64B9-40AD-A0A3-3E5E63518AD4}.Debug|Any CPU.ActiveCfg = Debug|Any CPU
		{3670B30D-64B9-40AD-A0A3-3E5E63518AD4}.Debug|Any CPU.Build.0 = Debug|Any CPU
		{3670B30D-64B9-40AD-A0A3-3E5E63518AD4}.Release|Any CPU.ActiveCfg = Release|Any CPU
		{3670B30D-64B9-40AD-A0A3-3E5E63518AD4}.Release|Any CPU.Build.0 = Release|Any CPU
		{C4338DB8-D65F-40F8-B0BE-AF720850054F}.Debug|Any CPU.ActiveCfg = Debug|Any CPU
		{C4338DB8-D65F-40F8-B0BE-AF720850054F}.Debug|Any CPU.Build.0 = Debug|Any CPU
		{C4338DB8-D65F-40F8-B0BE-AF720850054F}.Release|Any CPU.ActiveCfg = Release|Any CPU
		{C4338DB8-D65F-40F8-B0BE-AF720850054F}.Release|Any CPU.Build.0 = Release|Any CPU
		{6E019C37-8143-42E0-9DF2-CD5763C2E37F}.Debug|Any CPU.ActiveCfg = Debug|Any CPU
		{6E019C37-8143-42E0-9DF2-CD5763C2E37F}.Debug|Any CPU.Build.0 = Debug|Any CPU
		{6E019C37-8143-42E0-9DF2-CD5763C2E37F}.Release|Any CPU.ActiveCfg = Release|Any CPU
		{6E019C37-8143-42E0-9DF2-CD5763C2E37F}.Release|Any CPU.Build.0 = Release|Any CPU
	EndGlobalSection
	GlobalSection(SolutionProperties) = preSolution
		HideSolutionNode = FALSE
	EndGlobalSection
	GlobalSection(ExtensibilityGlobals) = postSolution
		SolutionGuid = {B1558926-ECCF-4E6F-A6AE-7FD2F11453A3}
	EndGlobalSection
EndGlobal
